
Microsoft Visual Studio Solution File, Format Version 12.00
# Visual Studio Version 17
VisualStudioVersion = 17.14.36121.58 d17.14
MinimumVisualStudioVersion = 10.0.40219.1
Project("{FAE04EC0-301F-11D3-BF4B-00C04F79EFBC}") = "Weaving", "Weaving\Weaving.csproj", "{F0228AB3-7EFE-4D22-85FF-5283D546C663}"
EndProject
Global
	GlobalSection(SolutionConfigurationPlatforms) = preSolution
		Debug|Any CPU = Debug|Any CPU
		Release|Any CPU = Release|Any CPU
	EndGlobalSection
	GlobalSection(ProjectConfigurationPlatforms) = postSolution
		{F0228AB3-7EFE-4D22-85FF-5283D546C663}.Debug|Any CPU.ActiveCfg = Debug|Any CPU
		{F0228AB3-7EFE-4D22-85FF-5283D546C663}.Debug|Any CPU.Build.0 = Debug|Any CPU
		{F0228AB3-7EFE-4D22-85FF-5283D546C663}.Release|Any CPU.ActiveCfg = Release|Any CPU
		{F0228AB3-7EFE-4D22-85FF-5283D546C663}.Release|Any CPU.Build.0 = Release|Any CPU
	EndGlobalSection
	GlobalSection(SolutionProperties) = preSolution
		HideSolutionNode = FALSE
	EndGlobalSection
	GlobalSection(ExtensibilityGlobals) = postSolution
		SolutionGuid = {EF233C58-EB2B-41FF-8566-4878F7E8749F}
	EndGlobalSection
EndGlobal
